
Microsoft Visual Studio Solution File, Format Version 12.00
# Visual Studio 2012
Project("{FAE04EC0-301F-11D3-BF4B-00C04F79EFBC}") = "SCCI_IO", "SCCI_Master\SCCI_IO.csproj", "{9AED1722-D677-47C4-B0A2-E3C7A83E906C}"
EndProject
Project("{FAE04EC0-301F-11D3-BF4B-00C04F79EFBC}") = "ControlConsole", "ControlConsole\ControlConsole.csproj", "{217D7686-FA78-4315-954A-C1DC4E081B2F}"
EndProject
Global
	GlobalSection(SolutionConfigurationPlatforms) = preSolution
		Debug|x86 = Debug|x86
		Release|x86 = Release|x86
	EndGlobalSection
	GlobalSection(ProjectConfigurationPlatforms) = postSolution
		{9AED1722-D677-47C4-B0A2-E3C7A83E906C}.Debug|x86.ActiveCfg = Debug|x86
		{9AED1722-D677-47C4-B0A2-E3C7A83E906C}.Debug|x86.Build.0 = Debug|x86
		{9AED1722-D677-47C4-B0A2-E3C7A83E906C}.Release|x86.ActiveCfg = Release|x86
		{9AED1722-D677-47C4-B0A2-E3C7A83E906C}.Release|x86.Build.0 = Release|x86
		{217D7686-FA78-4315-954A-C1DC4E081B2F}.Debug|x86.ActiveCfg = Debug|x86
		{217D7686-FA78-4315-954A-C1DC4E081B2F}.Debug|x86.Build.0 = Debug|x86
		{217D7686-FA78-4315-954A-C1DC4E081B2F}.Release|x86.ActiveCfg = Release|x86
		{217D7686-FA78-4315-954A-C1DC4E081B2F}.Release|x86.Build.0 = Release|x86
	EndGlobalSection
	GlobalSection(SolutionProperties) = preSolution
		HideSolutionNode = FALSE
	EndGlobalSection
	GlobalSection(SubversionScc) = preSolution
		Svn-Managed = True
		Manager = AnkhSVN - Subversion Support for Visual Studio
	EndGlobalSection
EndGlobal
